
Microsoft Visual Studio Solution File, Format Version 12.00
# Visual Studio Version 17
VisualStudioVersion = 17.14.36518.9 d17.14
MinimumVisualStudioVersion = 10.0.40219.1
Project("{FAE04EC0-301F-11D3-BF4B-00C04F79EFBC}") = "IntimacyIntegration", "IntimacyIntegration\IntimacyIntegration.csproj", "{A902E1EC-6D18-4A9A-8114-24C1F1EA6BF6}"
EndProject
Global
	GlobalSection(SolutionConfigurationPlatforms) = preSolution
		Debug|Any CPU = Debug|Any CPU
		Release|Any CPU = Release|Any CPU
	EndGlobalSection
	GlobalSection(ProjectConfigurationPlatforms) = postSolution
		{A902E1EC-6D18-4A9A-8114-24C1F1EA6BF6}.Debug|Any CPU.ActiveCfg = Debug|Any CPU
		{A902E1EC-6D18-4A9A-8114-24C1F1EA6BF6}.Debug|Any CPU.Build.0 = Debug|Any CPU
		{A902E1EC-6D18-4A9A-8114-24C1F1EA6BF6}.Release|Any CPU.ActiveCfg = Release|Any CPU
		{A902E1EC-6D18-4A9A-8114-24C1F1EA6BF6}.Release|Any CPU.Build.0 = Release|Any CPU
	EndGlobalSection
	GlobalSection(SolutionProperties) = preSolution
		HideSolutionNode = FALSE
	EndGlobalSection
	GlobalSection(ExtensibilityGlobals) = postSolution
		SolutionGuid = {DF49CCFA-DB83-4344-984A-A60AE98279CB}
	EndGlobalSection
EndGlobal
