
Microsoft Visual Studio Solution File, Format Version 12.00
# Visual Studio Version 17
VisualStudioVersion = 17.14.36518.9
MinimumVisualStudioVersion = 10.0.40219.1
Project("{FAE04EC0-301F-11D3-BF4B-00C04F79EFBC}") = "GenderWorksIntegration", "GenderWorksIntegration\GenderWorksIntegration.csproj", "{560ED683-D1AC-4556-976B-5133E48AC0CF}"
EndProject
Global
	GlobalSection(SolutionConfigurationPlatforms) = preSolution
		Debug|Any CPU = Debug|Any CPU
		Release|Any CPU = Release|Any CPU
	EndGlobalSection
	GlobalSection(ProjectConfigurationPlatforms) = postSolution
		{560ED683-D1AC-4556-976B-5133E48AC0CF}.Debug|Any CPU.ActiveCfg = Debug|Any CPU
		{560ED683-D1AC-4556-976B-5133E48AC0CF}.Debug|Any CPU.Build.0 = Debug|Any CPU
		{560ED683-D1AC-4556-976B-5133E48AC0CF}.Release|Any CPU.ActiveCfg = Release|Any CPU
		{560ED683-D1AC-4556-976B-5133E48AC0CF}.Release|Any CPU.Build.0 = Release|Any CPU
	EndGlobalSection
	GlobalSection(SolutionProperties) = preSolution
		HideSolutionNode = FALSE
	EndGlobalSection
	GlobalSection(ExtensibilityGlobals) = postSolution
		SolutionGuid = {065C9A00-6930-4A30-922D-77D73DF2E634}
	EndGlobalSection
EndGlobal
